
Microsoft Visual Studio Solution File, Format Version 12.00
# Visual Studio Version 17
VisualStudioVersion = 17.5.33516.290
MinimumVisualStudioVersion = 10.0.40219.1
Project("{FAE04EC0-301F-11D3-BF4B-00C04F79EFBC}") = "CN2", "CN2.csproj", "{F03FEE5A-5B6E-4412-9786-14E3280BB158}"
EndProject
Project("{FAE04EC0-301F-11D3-BF4B-00C04F79EFBC}") = "Teilaufgabe1", "Teilaufgabe1\Teilaufgabe1.csproj", "{8C015AB3-B900-49F7-A8EA-29E31ABB109B}"
EndProject
Project("{FAE04EC0-301F-11D3-BF4B-00C04F79EFBC}") = "Teilaufgabe2", "Teilaufgabe2\Teilaufgabe2.csproj", "{A113C555-BC59-4387-B21D-26F3799B2B28}"
EndProject
Project("{FAE04EC0-301F-11D3-BF4B-00C04F79EFBC}") = "Teilaufgabe3", "Teilaufgabe3\Teilaufgabe3.csproj", "{B0A6ACD4-49DD-4CC9-AE54-D1BB7E1C0312}"
EndProject
Global
	GlobalSection(SolutionConfigurationPlatforms) = preSolution
		Debug|Any CPU = Debug|Any CPU
		Release|Any CPU = Release|Any CPU
	EndGlobalSection
	GlobalSection(ProjectConfigurationPlatforms) = postSolution
		{F03FEE5A-5B6E-4412-9786-14E3280BB158}.Debug|Any CPU.ActiveCfg = Debug|Any CPU
		{F03FEE5A-5B6E-4412-9786-14E3280BB158}.Debug|Any CPU.Build.0 = Debug|Any CPU
		{F03FEE5A-5B6E-4412-9786-14E3280BB158}.Release|Any CPU.ActiveCfg = Release|Any CPU
		{F03FEE5A-5B6E-4412-9786-14E3280BB158}.Release|Any CPU.Build.0 = Release|Any CPU
		{8C015AB3-B900-49F7-A8EA-29E31ABB109B}.Debug|Any CPU.ActiveCfg = Debug|Any CPU
		{8C015AB3-B900-49F7-A8EA-29E31ABB109B}.Debug|Any CPU.Build.0 = Debug|Any CPU
		{8C015AB3-B900-49F7-A8EA-29E31ABB109B}.Release|Any CPU.ActiveCfg = Release|Any CPU
		{8C015AB3-B900-49F7-A8EA-29E31ABB109B}.Release|Any CPU.Build.0 = Release|Any CPU
		{A113C555-BC59-4387-B21D-26F3799B2B28}.Debug|Any CPU.ActiveCfg = Debug|Any CPU
		{A113C555-BC59-4387-B21D-26F3799B2B28}.Debug|Any CPU.Build.0 = Debug|Any CPU
		{A113C555-BC59-4387-B21D-26F3799B2B28}.Release|Any CPU.ActiveCfg = Release|Any CPU
		{A113C555-BC59-4387-B21D-26F3799B2B28}.Release|Any CPU.Build.0 = Release|Any CPU
		{B0A6ACD4-49DD-4CC9-AE54-D1BB7E1C0312}.Debug|Any CPU.ActiveCfg = Debug|Any CPU
		{B0A6ACD4-49DD-4CC9-AE54-D1BB7E1C0312}.Debug|Any CPU.Build.0 = Debug|Any CPU
		{B0A6ACD4-49DD-4CC9-AE54-D1BB7E1C0312}.Release|Any CPU.ActiveCfg = Release|Any CPU
		{B0A6ACD4-49DD-4CC9-AE54-D1BB7E1C0312}.Release|Any CPU.Build.0 = Release|Any CPU
	EndGlobalSection
	GlobalSection(SolutionProperties) = preSolution
		HideSolutionNode = FALSE
	EndGlobalSection
	GlobalSection(ExtensibilityGlobals) = postSolution
		SolutionGuid = {3D5196D8-A690-4B41-892D-48F5DE684B50}
	EndGlobalSection
EndGlobal
